// !$*UTF8*$!
{
	archiveVersion = 1;
	classes = {
	};
	objectVersion = 56;
	objects = {

/* Begin PBXBuildFile section */
		6180E0392C398D6E003EF17D /* RealityKitContent in Frameworks */ = {isa = PBXBuildFile; productRef = 6180E0382C398D6E003EF17D /* RealityKitContent */; };
		6180E03B2C398D6E003EF17D /* visionRecordApp.swift in Sources */ = {isa = PBXBuildFile; fileRef = 6180E03A2C398D6E003EF17D /* visionRecordApp.swift */; };
		6180E03D2C398D6E003EF17D /* ContentView.swift in Sources */ = {isa = PBXBuildFile; fileRef = 6180E03C2C398D6E003EF17D /* ContentView.swift */; };
		6180E03F2C398D6F003EF17D /* Assets.xcassets in Resources */ = {isa = PBXBuildFile; fileRef = 6180E03E2C398D6F003EF17D /* Assets.xcassets */; };
		6180E0422C398D6F003EF17D /* Preview Assets.xcassets in Resources */ = {isa = PBXBuildFile; fileRef = 6180E0412C398D6F003EF17D /* Preview Assets.xcassets */; };
		6180E04D2C398D6F003EF17D /* visionRecordTests.swift in Sources */ = {isa = PBXBuildFile; fileRef = 6180E04C2C398D6F003EF17D /* visionRecordTests.swift */; };
		6180E0572C398DB6003EF17D /* AudioRecorder.swift in Sources */ = {isa = PBXBuildFile; fileRef = 6180E0562C398DB6003EF17D /* AudioRecorder.swift */; };
/* End PBXBuildFile section */

/* Begin PBXContainerItemProxy section */
		6180E0492C398D6F003EF17D /* PBXContainerItemProxy */ = {
			isa = PBXContainerItemProxy;
			containerPortal = 6180E02B2C398D6E003EF17D /* Project object */;
			proxyType = 1;
			remoteGlobalIDString = 6180E0322C398D6E003EF17D;
			remoteInfo = visionRecord;
		};
/* End PBXContainerItemProxy section */

/* Begin PBXFileReference section */
		6180E0332C398D6E003EF17D /* visionRecord.app */ = {isa = PBXFileReference; explicitFileType = wrapper.application; includeInIndex = 0; path = visionRecord.app; sourceTree = BUILT_PRODUCTS_DIR; };
		6180E0372C398D6E003EF17D /* RealityKitContent */ = {isa = PBXFileReference; lastKnownFileType = wrapper; path = RealityKitContent; sourceTree = "<group>"; };
		6180E03A2C398D6E003EF17D /* visionRecordApp.swift */ = {isa = PBXFileReference; lastKnownFileType = sourcecode.swift; path = visionRecordApp.swift; sourceTree = "<group>"; };
		6180E03C2C398D6E003EF17D /* ContentView.swift */ = {isa = PBXFileReference; lastKnownFileType = sourcecode.swift; path = ContentView.swift; sourceTree = "<group>"; };
		6180E03E2C398D6F003EF17D /* Assets.xcassets */ = {isa = PBXFileReference; lastKnownFileType = folder.assetcatalog; path = Assets.xcassets; sourceTree = "<group>"; };
		6180E0412C398D6F003EF17D /* Preview Assets.xcassets */ = {isa = PBXFileReference; lastKnownFileType = folder.assetcatalog; path = "Preview Assets.xcassets"; sourceTree = "<group>"; };
		6180E0432C398D6F003EF17D /* Info.plist */ = {isa = PBXFileReference; lastKnownFileType = text.plist.xml; path = Info.plist; sourceTree = "<group>"; };
		6180E0482C398D6F003EF17D /* visionRecordTests.xctest */ = {isa = PBXFileReference; explicitFileType = wrapper.cfbundle; includeInIndex = 0; path = visionRecordTests.xctest; sourceTree = BUILT_PRODUCTS_DIR; };
		6180E04C2C398D6F003EF17D /* visionRecordTests.swift */ = {isa = PBXFileReference; lastKnownFileType = sourcecode.swift; path = visionRecordTests.swift; sourceTree = "<group>"; };
		6180E0562C398DB6003EF17D /* AudioRecorder.swift */ = {isa = PBXFileReference; lastKnownFileType = sourcecode.swift; path = AudioRecorder.swift; sourceTree = "<group>"; };
/* End PBXFileReference section */

/* Begin PBXFrameworksBuildPhase section */
		6180E0302C398D6E003EF17D /* Frameworks */ = {
			isa = PBXFrameworksBuildPhase;
			buildActionMask = 2147483647;
			files = (
				6180E0392C398D6E003EF17D /* RealityKitContent in Frameworks */,
			);
			runOnlyForDeploymentPostprocessing = 0;
		};
		6180E0452C398D6F003EF17D /* Frameworks */ = {
			isa = PBXFrameworksBuildPhase;
			buildActionMask = 2147483647;
			files = (
			);
			runOnlyForDeploymentPostprocessing = 0;
		};
/* End PBXFrameworksBuildPhase section */

/* Begin PBXGroup section */
		6180E02A2C398D6E003EF17D = {
			isa = PBXGroup;
			children = (
				6180E0352C398D6E003EF17D /* visionRecord */,
				6180E0362C398D6E003EF17D /* Packages */,
				6180E04B2C398D6F003EF17D /* visionRecordTests */,
				6180E0342C398D6E003EF17D /* Products */,
			);
			sourceTree = "<group>";
		};
		6180E0342C398D6E003EF17D /* Products */ = {
			isa = PBXGroup;
			children = (
				6180E0332C398D6E003EF17D /* visionRecord.app */,
				6180E0482C398D6F003EF17D /* visionRecordTests.xctest */,
			);
			name = Products;
			sourceTree = "<group>";
		};
		6180E0352C398D6E003EF17D /* visionRecord */ = {
			isa = PBXGroup;
			children = (
				6180E03A2C398D6E003EF17D /* visionRecordApp.swift */,
				6180E03C2C398D6E003EF17D /* ContentView.swift */,
				6180E03E2C398D6F003EF17D /* Assets.xcassets */,
				6180E0432C398D6F003EF17D /* Info.plist */,
				6180E0402C398D6F003EF17D /* Preview Content */,
				6180E0562C398DB6003EF17D /* AudioRecorder.swift */,
			);
			path = visionRecord;
			sourceTree = "<group>";
		};
		6180E0362C398D6E003EF17D /* Packages */ = {
			isa = PBXGroup;
			children = (
				6180E0372C398D6E003EF17D /* RealityKitContent */,
			);
			path = Packages;
			sourceTree = "<group>";
		};
		6180E0402C398D6F003EF17D /* Preview Content */ = {
			isa = PBXGroup;
			children = (
				6180E0412C398D6F003EF17D /* Preview Assets.xcassets */,
			);
			path = "Preview Content";
			sourceTree = "<group>";
		};
		6180E04B2C398D6F003EF17D /* visionRecordTests */ = {
			isa = PBXGroup;
			children = (
				6180E04C2C398D6F003EF17D /* visionRecordTests.swift */,
			);
			path = visionRecordTests;
			sourceTree = "<group>";
		};
/* End PBXGroup section */

/* Begin PBXNativeTarget section */
		6180E0322C398D6E003EF17D /* visionRecord */ = {
			isa = PBXNativeTarget;
			buildConfigurationList = 6180E0502C398D6F003EF17D /* Build configuration list for PBXNativeTarget "visionRecord" */;
			buildPhases = (
				6180E02F2C398D6E003EF17D /* Sources */,
				6180E0302C398D6E003EF17D /* Frameworks */,
				6180E0312C398D6E003EF17D /* Resources */,
			);
			buildRules = (
			);
			dependencies = (
			);
			name = visionRecord;
			packageProductDependencies = (
				6180E0382C398D6E003EF17D /* RealityKitContent */,
			);
			productName = visionRecord;
			productReference = 6180E0332C398D6E003EF17D /* visionRecord.app */;
			productType = "com.apple.product-type.application";
		};
		6180E0472C398D6F003EF17D /* visionRecordTests */ = {
			isa = PBXNativeTarget;
			buildConfigurationList = 6180E0532C398D6F003EF17D /* Build configuration list for PBXNativeTarget "visionRecordTests" */;
			buildPhases = (
				6180E0442C398D6F003EF17D /* Sources */,
				6180E0452C398D6F003EF17D /* Frameworks */,
				6180E0462C398D6F003EF17D /* Resources */,
			);
			buildRules = (
			);
			dependencies = (
				6180E04A2C398D6F003EF17D /* PBXTargetDependency */,
			);
			name = visionRecordTests;
			productName = visionRecordTests;
			productReference = 6180E0482C398D6F003EF17D /* visionRecordTests.xctest */;
			productType = "com.apple.product-type.bundle.unit-test";
		};
/* End PBXNativeTarget section */

/* Begin PBXProject section */
		6180E02B2C398D6E003EF17D /* Project object */ = {
			isa = PBXProject;
			attributes = {
				BuildIndependentTargetsInParallel = 1;
				LastSwiftUpdateCheck = 1540;
				LastUpgradeCheck = 1540;
				TargetAttributes = {
					6180E0322C398D6E003EF17D = {
						CreatedOnToolsVersion = 15.4;
					};
					6180E0472C398D6F003EF17D = {
						CreatedOnToolsVersion = 15.4;
						TestTargetID = 6180E0322C398D6E003EF17D;
					};
				};
			};
			buildConfigurationList = 6180E02E2C398D6E003EF17D /* Build configuration list for PBXProject "visionRecord" */;
			compatibilityVersion = "Xcode 14.0";
			developmentRegion = en;
			hasScannedForEncodings = 0;
			knownRegions = (
				en,
				Base,
			);
			mainGroup = 6180E02A2C398D6E003EF17D;
			productRefGroup = 6180E0342C398D6E003EF17D /* Products */;
			projectDirPath = "";
			projectRoot = "";
			targets = (
				6180E0322C398D6E003EF17D /* visionRecord */,
				6180E0472C398D6F003EF17D /* visionRecordTests */,
			);
		};
/* End PBXProject section */

/* Begin PBXResourcesBuildPhase section */
		6180E0312C398D6E003EF17D /* Resources */ = {
			isa = PBXResourcesBuildPhase;
			buildActionMask = 2147483647;
			files = (
				6180E0422C398D6F003EF17D /* Preview Assets.xcassets in Resources */,
				6180E03F2C398D6F003EF17D /* Assets.xcassets in Resources */,
			);
			runOnlyForDeploymentPostprocessing = 0;
		};
		6180E0462C398D6F003EF17D /* Resources */ = {
			isa = PBXResourcesBuildPhase;
			buildActionMask = 2147483647;
			files = (
			);
			runOnlyForDeploymentPostprocessing = 0;
		};
/* End PBXResourcesBuildPhase section */

/* Begin PBXSourcesBuildPhase section */
		6180E02F2C398D6E003EF17D /* Sources */ = {
			isa = PBXSourcesBuildPhase;
			buildActionMask = 2147483647;
			files = (
				6180E0572C398DB6003EF17D /* AudioRecorder.swift in Sources */,
				6180E03D2C398D6E003EF17D /* ContentView.swift in Sources */,
				6180E03B2C398D6E003EF17D /* visionRecordApp.swift in Sources */,
			);
			runOnlyForDeploymentPostprocessing = 0;
		};
		6180E0442C398D6F003EF17D /* Sources */ = {
			isa = PBXSourcesBuildPhase;
			buildActionMask = 2147483647;
			files = (
				6180E04D2C398D6F003EF17D /* visionRecordTests.swift in Sources */,
			);
			runOnlyForDeploymentPostprocessing = 0;
		};
/* End PBXSourcesBuildPhase section */

/* Begin PBXTargetDependency section */
		6180E04A2C398D6F003EF17D /* PBXTargetDependency */ = {
			isa = PBXTargetDependency;
			target = 6180E0322C398D6E003EF17D /* visionRecord */;
			targetProxy = 6180E0492C398D6F003EF17D /* PBXContainerItemProxy */;
		};
/* End PBXTargetDependency section */

/* Begin XCBuildConfiguration section */
		6180E04E2C398D6F003EF17D /* Debug */ = {
			isa = XCBuildConfiguration;
			buildSettings = {
				ALWAYS_SEARCH_USER_PATHS = NO;
				ASSETCATALOG_COMPILER_GENERATE_SWIFT_ASSET_SYMBOL_EXTENSIONS = YES;
				CLANG_ANALYZER_NONNULL = YES;
				CLANG_ANALYZER_NUMBER_OBJECT_CONVERSION = YES_AGGRESSIVE;
				CLANG_CXX_LANGUAGE_STANDARD = "gnu++20";
				CLANG_ENABLE_MODULES = YES;
				CLANG_ENABLE_OBJC_ARC = YES;
				CLANG_ENABLE_OBJC_WEAK = YES;
				CLANG_WARN_BLOCK_CAPTURE_AUTORELEASING = YES;
				CLANG_WARN_BOOL_CONVERSION = YES;
				CLANG_WARN_COMMA = YES;
				CLANG_WARN_CONSTANT_CONVERSION = YES;
				CLANG_WARN_DEPRECATED_OBJC_IMPLEMENTATIONS = YES;
				CLANG_WARN_DIRECT_OBJC_ISA_USAGE = YES_ERROR;
				CLANG_WARN_DOCUMENTATION_COMMENTS = YES;
				CLANG_WARN_EMPTY_BODY = YES;
				CLANG_WARN_ENUM_CONVERSION = YES;
				CLANG_WARN_INFINITE_RECURSION = YES;
				CLANG_WARN_INT_CONVERSION = YES;
				CLANG_WARN_NON_LITERAL_NULL_CONVERSION = YES;
				CLANG_WARN_OBJC_IMPLICIT_RETAIN_SELF = YES;
				CLANG_WARN_OBJC_LITERAL_CONVERSION = YES;
				CLANG_WARN_OBJC_ROOT_CLASS = YES_ERROR;
				CLANG_WARN_QUOTED_INCLUDE_IN_FRAMEWORK_HEADER = YES;
				CLANG_WARN_RANGE_LOOP_ANALYSIS = YES;
				CLANG_WARN_STRICT_PROTOTYPES = YES;
				CLANG_WARN_SUSPICIOUS_MOVE = YES;
				CLANG_WARN_UNGUARDED_AVAILABILITY = YES_AGGRESSIVE;
				CLANG_WARN_UNREACHABLE_CODE = YES;
				CLANG_WARN__DUPLICATE_METHOD_MATCH = YES;
				COPY_PHASE_STRIP = NO;
				DEBUG_INFORMATION_FORMAT = dwarf;
				ENABLE_STRICT_OBJC_MSGSEND = YES;
				ENABLE_TESTABILITY = YES;
				ENABLE_USER_SCRIPT_SANDBOXING = YES;
				GCC_C_LANGUAGE_STANDARD = gnu17;
				GCC_DYNAMIC_NO_PIC = NO;
				GCC_NO_COMMON_BLOCKS = YES;
				GCC_OPTIMIZATION_LEVEL = 0;
				GCC_PREPROCESSOR_DEFINITIONS = (
					"DEBUG=1",
					"$(inherited)",
				);
				GCC_WARN_64_TO_32_BIT_CONVERSION = YES;
				GCC_WARN_ABOUT_RETURN_TYPE = YES_ERROR;
				GCC_WARN_UNDECLARED_SELECTOR = YES;
				GCC_WARN_UNINITIALIZED_AUTOS = YES_AGGRESSIVE;
				GCC_WARN_UNUSED_FUNCTION = YES;
				GCC_WARN_UNUSED_VARIABLE = YES;
				LOCALIZATION_PREFERS_STRING_CATALOGS = YES;
				MTL_ENABLE_DEBUG_INFO = INCLUDE_SOURCE;
				MTL_FAST_MATH = YES;
				ONLY_ACTIVE_ARCH = YES;
				SDKROOT = xros;
				SWIFT_ACTIVE_COMPILATION_CONDITIONS = "DEBUG $(inherited)";
				SWIFT_OPTIMIZATION_LEVEL = "-Onone";
				XROS_DEPLOYMENT_TARGET = 1.2;
			};
			name = Debug;
		};
		6180E04F2C398D6F003EF17D /* Release */ = {
			isa = XCBuildConfiguration;
			buildSettings = {
				ALWAYS_SEARCH_USER_PATHS = NO;
				ASSETCATALOG_COMPILER_GENERATE_SWIFT_ASSET_SYMBOL_EXTENSIONS = YES;
				CLANG_ANALYZER_NONNULL = YES;
				CLANG_ANALYZER_NUMBER_OBJECT_CONVERSION = YES_AGGRESSIVE;
				CLANG_CXX_LANGUAGE_STANDARD = "gnu++20";
				CLANG_ENABLE_MODULES = YES;
				CLANG_ENABLE_OBJC_ARC = YES;
				CLANG_ENABLE_OBJC_WEAK = YES;
				CLANG_WARN_BLOCK_CAPTURE_AUTORELEASING = YES;
				CLANG_WARN_BOOL_CONVERSION = YES;
				CLANG_WARN_COMMA = YES;
				CLANG_WARN_CONSTANT_CONVERSION = YES;
				CLANG_WARN_DEPRECATED_OBJC_IMPLEMENTATIONS = YES;
				CLANG_WARN_DIRECT_OBJC_ISA_USAGE = YES_ERROR;
				CLANG_WARN_DOCUMENTATION_COMMENTS = YES;
				CLANG_WARN_EMPTY_BODY = YES;
				CLANG_WARN_ENUM_CONVERSION = YES;
				CLANG_WARN_INFINITE_RECURSION = YES;
				CLANG_WARN_INT_CONVERSION = YES;
				CLANG_WARN_NON_LITERAL_NULL_CONVERSION = YES;
				CLANG_WARN_OBJC_IMPLICIT_RETAIN_SELF = YES;
				CLANG_WARN_OBJC_LITERAL_CONVERSION = YES;
				CLANG_WARN_OBJC_ROOT_CLASS = YES_ERROR;
				CLANG_WARN_QUOTED_INCLUDE_IN_FRAMEWORK_HEADER = YES;
				CLANG_WARN_RANGE_LOOP_ANALYSIS = YES;
				CLANG_WARN_STRICT_PROTOTYPES = YES;
				CLANG_WARN_SUSPICIOUS_MOVE = YES;
				CLANG_WARN_UNGUARDED_AVAILABILITY = YES_AGGRESSIVE;
				CLANG_WARN_UNREACHABLE_CODE = YES;
				CLANG_WARN__DUPLICATE_METHOD_MATCH = YES;
				COPY_PHASE_STRIP = NO;
				DEBUG_INFORMATION_FORMAT = "dwarf-with-dsym";
				ENABLE_NS_ASSERTIONS = NO;
				ENABLE_STRICT_OBJC_MSGSEND = YES;
				ENABLE_USER_SCRIPT_SANDBOXING = YES;
				GCC_C_LANGUAGE_STANDARD = gnu17;
				GCC_NO_COMMON_BLOCKS = YES;
				GCC_WARN_64_TO_32_BIT_CONVERSION = YES;
				GCC_WARN_ABOUT_RETURN_TYPE = YES_ERROR;
				GCC_WARN_UNDECLARED_SELECTOR = YES;
				GCC_WARN_UNINITIALIZED_AUTOS = YES_AGGRESSIVE;
				GCC_WARN_UNUSED_FUNCTION = YES;
				GCC_WARN_UNUSED_VARIABLE = YES;
				LOCALIZATION_PREFERS_STRING_CATALOGS = YES;
				MTL_ENABLE_DEBUG_INFO = NO;
				MTL_FAST_MATH = YES;
				SDKROOT = xros;
				SWIFT_COMPILATION_MODE = wholemodule;
				VALIDATE_PRODUCT = YES;
				XROS_DEPLOYMENT_TARGET = 1.2;
			};
			name = Release;
		};
		6180E0512C398D6F003EF17D /* Debug */ = {
			isa = XCBuildConfiguration;
			buildSettings = {
				ASSETCATALOG_COMPILER_APPICON_NAME = AppIcon;
				ASSETCATALOG_COMPILER_GLOBAL_ACCENT_COLOR_NAME = AccentColor;
				CODE_SIGN_STYLE = Automatic;
				CURRENT_PROJECT_VERSION = 1;
				DEVELOPMENT_ASSET_PATHS = "\"visionRecord/Preview Content\"";
				DEVELOPMENT_TEAM = 4YZQY4C47E;
				ENABLE_PREVIEWS = YES;
				GENERATE_INFOPLIST_FILE = YES;
				INFOPLIST_FILE = "$(TARGET_NAME)/Info.plist";
				LD_RUNPATH_SEARCH_PATHS = (
					"$(inherited)",
					"@executable_path/Frameworks",
				);
				MARKETING_VERSION = 1.0;
				PRODUCT_BUNDLE_IDENTIFIER = com.entaku.visionRecord;
				PRODUCT_NAME = "$(TARGET_NAME)";
				SUPPORTED_PLATFORMS = "xros xrsimulator";
				SWIFT_EMIT_LOC_STRINGS = YES;
				SWIFT_VERSION = 5.0;
				TARGETED_DEVICE_FAMILY = "1,2,7";
			};
			name = Debug;
		};
		6180E0522C398D6F003EF17D /* Release */ = {
			isa = XCBuildConfiguration;
			buildSettings = {
				ASSETCATALOG_COMPILER_APPICON_NAME = AppIcon;
				ASSETCATALOG_COMPILER_GLOBAL_ACCENT_COLOR_NAME = AccentColor;
				CODE_SIGN_STYLE = Automatic;
				CURRENT_PROJECT_VERSION = 1;
				DEVELOPMENT_ASSET_PATHS = "\"visionRecord/Preview Content\"";
				DEVELOPMENT_TEAM = 4YZQY4C47E;
				ENABLE_PREVIEWS = YES;
				GENERATE_INFOPLIST_FILE = YES;
				INFOPLIST_FILE = "$(TARGET_NAME)/Info.plist";
				LD_RUNPATH_SEARCH_PATHS = (
					"$(inherited)",
					"@executable_path/Frameworks",
				);
				MARKETING_VERSION = 1.0;
				PRODUCT_BUNDLE_IDENTIFIER = com.entaku.visionRecord;
				PRODUCT_NAME = "$(TARGET_NAME)";
				SUPPORTED_PLATFORMS = "xros xrsimulator";
				SWIFT_EMIT_LOC_STRINGS = YES;
				SWIFT_VERSION = 5.0;
				TARGETED_DEVICE_FAMILY = "1,2,7";
			};
			name = Release;
		};
		6180E0542C398D6F003EF17D /* Debug */ = {
			isa = XCBuildConfiguration;
			buildSettings = {
				ALWAYS_EMBED_SWIFT_STANDARD_LIBRARIES = YES;
				BUNDLE_LOADER = "$(TEST_HOST)";
				CODE_SIGN_STYLE = Automatic;
				CURRENT_PROJECT_VERSION = 1;
				DEVELOPMENT_TEAM = 4YZQY4C47E;
				GENERATE_INFOPLIST_FILE = YES;
				MARKETING_VERSION = 1.0;
				PRODUCT_BUNDLE_IDENTIFIER = com.entaku.visionRecordTests;
				PRODUCT_NAME = "$(TARGET_NAME)";
				SUPPORTED_PLATFORMS = "xros xrsimulator";
				SWIFT_EMIT_LOC_STRINGS = NO;
				SWIFT_VERSION = 5.0;
				TARGETED_DEVICE_FAMILY = "1,2,7";
				TEST_HOST = "$(BUILT_PRODUCTS_DIR)/visionRecord.app/$(BUNDLE_EXECUTABLE_FOLDER_PATH)/visionRecord";
				XROS_DEPLOYMENT_TARGET = 1.2;
			};
			name = Debug;
		};
		6180E0552C398D6F003EF17D /* Release */ = {
			isa = XCBuildConfiguration;
			buildSettings = {
				ALWAYS_EMBED_SWIFT_STANDARD_LIBRARIES = YES;
				BUNDLE_LOADER = "$(TEST_HOST)";
				CODE_SIGN_STYLE = Automatic;
				CURRENT_PROJECT_VERSION = 1;
				DEVELOPMENT_TEAM = 4YZQY4C47E;
				GENERATE_INFOPLIST_FILE = YES;
				MARKETING_VERSION = 1.0;
				PRODUCT_BUNDLE_IDENTIFIER = com.entaku.visionRecordTests;
				PRODUCT_NAME = "$(TARGET_NAME)";
				SUPPORTED_PLATFORMS = "xros xrsimulator";
				SWIFT_EMIT_LOC_STRINGS = NO;
				SWIFT_VERSION = 5.0;
				TARGETED_DEVICE_FAMILY = "1,2,7";
				TEST_HOST = "$(BUILT_PRODUCTS_DIR)/visionRecord.app/$(BUNDLE_EXECUTABLE_FOLDER_PATH)/visionRecord";
				XROS_DEPLOYMENT_TARGET = 1.2;
			};
			name = Release;
		};
/* End XCBuildConfiguration section */

/* Begin XCConfigurationList section */
		6180E02E2C398D6E003EF17D /* Build configuration list for PBXProject "visionRecord" */ = {
			isa = XCConfigurationList;
			buildConfigurations = (
				6180E04E2C398D6F003EF17D /* Debug */,
				6180E04F2C398D6F003EF17D /* Release */,
			);
			defaultConfigurationIsVisible = 0;
			defaultConfigurationName = Release;
		};
		6180E0502C398D6F003EF17D /* Build configuration list for PBXNativeTarget "visionRecord" */ = {
			isa = XCConfigurationList;
			buildConfigurations = (
				6180E0512C398D6F003EF17D /* Debug */,
				6180E0522C398D6F003EF17D /* Release */,
			);
			defaultConfigurationIsVisible = 0;
			defaultConfigurationName = Release;
		};
		6180E0532C398D6F003EF17D /* Build configuration list for PBXNativeTarget "visionRecordTests" */ = {
			isa = XCConfigurationList;
			buildConfigurations = (
				6180E0542C398D6F003EF17D /* Debug */,
				6180E0552C398D6F003EF17D /* Release */,
			);
			defaultConfigurationIsVisible = 0;
			defaultConfigurationName = Release;
		};
/* End XCConfigurationList section */

/* Begin XCSwiftPackageProductDependency section */
		6180E0382C398D6E003EF17D /* RealityKitContent */ = {
			isa = XCSwiftPackageProductDependency;
			productName = RealityKitContent;
		};
/* End XCSwiftPackageProductDependency section */
	};
	rootObject = 6180E02B2C398D6E003EF17D /* Project object */;
}
